
Microsoft Visual Studio Solution File, Format Version 12.00
# Visual Studio Version 16
VisualStudioVersion = 16.0.31515.178
MinimumVisualStudioVersion = 10.0.40219.1
Project("{9A19103F-16F7-4668-BE54-9A1E7A4F7556}") = "SpatialQuery.Strategies.Distances", "SpatialQuery.Strategies.Distances\SpatialQuery.Strategies.Distances.csproj", "{5B042541-4775-451D-80D1-58C00C2EF322}"
EndProject
Project("{9A19103F-16F7-4668-BE54-9A1E7A4F7556}") = "SpatialQuery.WebAPI", "SpatialQuery.WebAPI\SpatialQuery.WebAPI.csproj", "{790A3837-65FA-4E18-A787-B3494AA0CC86}"
EndProject
Project("{9A19103F-16F7-4668-BE54-9A1E7A4F7556}") = "SpatialQuery.Strategies", "SpatialQuery.Strategies\SpatialQuery.Strategies.csproj", "{29752EBB-A7E2-40FC-B14A-9CB66D20DEB9}"
EndProject
Project("{9A19103F-16F7-4668-BE54-9A1E7A4F7556}") = "SpatialQuery.Strategies.Distances.UnitTests", "SpatialQuery.Strategies.Distances.UnitTests\SpatialQuery.Strategies.Distances.UnitTests.csproj", "{AB9742FA-2A83-422A-AD4E-AF53B627C1F1}"
EndProject
Project("{9A19103F-16F7-4668-BE54-9A1E7A4F7556}") = "SpatialQuery.Domain", "SpatialQuery.Domain\SpatialQuery.Domain.csproj", "{D1734B56-1268-4DB2-9F5B-92E65DD4538E}"
EndProject
Project("{FAE04EC0-301F-11D3-BF4B-00C04F79EFBC}") = "SpatialQuery.WebAPI.IntegrationTests", "SpatialQuery.WebAPI.IntegrationTests\SpatialQuery.WebAPI.IntegrationTests.csproj", "{177267B4-7CD3-4B3C-AD23-BC14CEC0E8E3}"
EndProject
Global
	GlobalSection(SolutionConfigurationPlatforms) = preSolution
		Debug|Any CPU = Debug|Any CPU
		Release|Any CPU = Release|Any CPU
	EndGlobalSection
	GlobalSection(ProjectConfigurationPlatforms) = postSolution
		{5B042541-4775-451D-80D1-58C00C2EF322}.Debug|Any CPU.ActiveCfg = Debug|Any CPU
		{5B042541-4775-451D-80D1-58C00C2EF322}.Debug|Any CPU.Build.0 = Debug|Any CPU
		{5B042541-4775-451D-80D1-58C00C2EF322}.Release|Any CPU.ActiveCfg = Release|Any CPU
		{5B042541-4775-451D-80D1-58C00C2EF322}.Release|Any CPU.Build.0 = Release|Any CPU
		{790A3837-65FA-4E18-A787-B3494AA0CC86}.Debug|Any CPU.ActiveCfg = Debug|Any CPU
		{790A3837-65FA-4E18-A787-B3494AA0CC86}.Debug|Any CPU.Build.0 = Debug|Any CPU
		{790A3837-65FA-4E18-A787-B3494AA0CC86}.Release|Any CPU.ActiveCfg = Release|Any CPU
		{790A3837-65FA-4E18-A787-B3494AA0CC86}.Release|Any CPU.Build.0 = Release|Any CPU
		{29752EBB-A7E2-40FC-B14A-9CB66D20DEB9}.Debug|Any CPU.ActiveCfg = Debug|Any CPU
		{29752EBB-A7E2-40FC-B14A-9CB66D20DEB9}.Debug|Any CPU.Build.0 = Debug|Any CPU
		{29752EBB-A7E2-40FC-B14A-9CB66D20DEB9}.Release|Any CPU.ActiveCfg = Release|Any CPU
		{29752EBB-A7E2-40FC-B14A-9CB66D20DEB9}.Release|Any CPU.Build.0 = Release|Any CPU
		{AB9742FA-2A83-422A-AD4E-AF53B627C1F1}.Debug|Any CPU.ActiveCfg = Debug|Any CPU
		{AB9742FA-2A83-422A-AD4E-AF53B627C1F1}.Debug|Any CPU.Build.0 = Debug|Any CPU
		{AB9742FA-2A83-422A-AD4E-AF53B627C1F1}.Release|Any CPU.ActiveCfg = Release|Any CPU
		{AB9742FA-2A83-422A-AD4E-AF53B627C1F1}.Release|Any CPU.Build.0 = Release|Any CPU
		{D1734B56-1268-4DB2-9F5B-92E65DD4538E}.Debug|Any CPU.ActiveCfg = Debug|Any CPU
		{D1734B56-1268-4DB2-9F5B-92E65DD4538E}.Debug|Any CPU.Build.0 = Debug|Any CPU
		{D1734B56-1268-4DB2-9F5B-92E65DD4538E}.Release|Any CPU.ActiveCfg = Release|Any CPU
		{D1734B56-1268-4DB2-9F5B-92E65DD4538E}.Release|Any CPU.Build.0 = Release|Any CPU
		{177267B4-7CD3-4B3C-AD23-BC14CEC0E8E3}.Debug|Any CPU.ActiveCfg = Debug|Any CPU
		{177267B4-7CD3-4B3C-AD23-BC14CEC0E8E3}.Debug|Any CPU.Build.0 = Debug|Any CPU
		{177267B4-7CD3-4B3C-AD23-BC14CEC0E8E3}.Release|Any CPU.ActiveCfg = Release|Any CPU
		{177267B4-7CD3-4B3C-AD23-BC14CEC0E8E3}.Release|Any CPU.Build.0 = Release|Any CPU
	EndGlobalSection
	GlobalSection(SolutionProperties) = preSolution
		HideSolutionNode = FALSE
	EndGlobalSection
	GlobalSection(ExtensibilityGlobals) = postSolution
		SolutionGuid = {83778B72-6000-41F5-8200-C5C89B206433}
	EndGlobalSection
EndGlobal
